
Microsoft Visual Studio Solution File, Format Version 12.00
# Visual Studio Version 16
VisualStudioVersion = 16.0.30309.148
MinimumVisualStudioVersion = 10.0.40219.1
Project("{FAE04EC0-301F-11D3-BF4B-00C04F79EFBC}") = "RdpGuardGeneralPlugin", "RdpGuardGeneralPlugin\RdpGuardGeneralPlugin.csproj", "{1FDE2032-7479-4793-9060-922003C0363B}"
EndProject
Global
	GlobalSection(SolutionConfigurationPlatforms) = preSolution
		Debug|Any CPU = Debug|Any CPU
		Release|Any CPU = Release|Any CPU
	EndGlobalSection
	GlobalSection(ProjectConfigurationPlatforms) = postSolution
		{1FDE2032-7479-4793-9060-922003C0363B}.Debug|Any CPU.ActiveCfg = Debug|Any CPU
		{1FDE2032-7479-4793-9060-922003C0363B}.Debug|Any CPU.Build.0 = Debug|Any CPU
		{1FDE2032-7479-4793-9060-922003C0363B}.Release|Any CPU.ActiveCfg = Release|Any CPU
		{1FDE2032-7479-4793-9060-922003C0363B}.Release|Any CPU.Build.0 = Release|Any CPU
	EndGlobalSection
	GlobalSection(SolutionProperties) = preSolution
		HideSolutionNode = FALSE
	EndGlobalSection
	GlobalSection(ExtensibilityGlobals) = postSolution
		SolutionGuid = {31EE2B9B-A75B-4EB7-83B7-3FEAE86AFFCA}
	EndGlobalSection
EndGlobal
